// !$*UTF8*$!
{
	archiveVersion = 1;
	classes = {
	};
	objectVersion = 55;
	objects = {

/* Begin PBXBuildFile section */
		2222B2E329570EC600E65C3C /* Restaurant.swift in Sources */ = {isa = PBXBuildFile; fileRef = 2222B2E229570EC600E65C3C /* Restaurant.swift */; };
		2222B2E529571E4400E65C3C /* EateryDetailTableViewCell.swift in Sources */ = {isa = PBXBuildFile; fileRef = 2222B2E429571E4400E65C3C /* EateryDetailTableViewCell.swift */; };
		2229BE0D29531F31001DDA97 /* AppDelegate.swift in Sources */ = {isa = PBXBuildFile; fileRef = 2229BE0C29531F31001DDA97 /* AppDelegate.swift */; };
		2229BE0F29531F31001DDA97 /* SceneDelegate.swift in Sources */ = {isa = PBXBuildFile; fileRef = 2229BE0E29531F31001DDA97 /* SceneDelegate.swift */; };
		2229BE1429531F31001DDA97 /* Main.storyboard in Resources */ = {isa = PBXBuildFile; fileRef = 2229BE1229531F31001DDA97 /* Main.storyboard */; };
		2229BE1629531F32001DDA97 /* Assets.xcassets in Resources */ = {isa = PBXBuildFile; fileRef = 2229BE1529531F32001DDA97 /* Assets.xcassets */; };
		2229BE1929531F32001DDA97 /* LaunchScreen.storyboard in Resources */ = {isa = PBXBuildFile; fileRef = 2229BE1729531F32001DDA97 /* LaunchScreen.storyboard */; };
		2229BE2129531F87001DDA97 /* EateriesTableViewController.swift in Sources */ = {isa = PBXBuildFile; fileRef = 2229BE2029531F87001DDA97 /* EateriesTableViewController.swift */; };
		2229BE2329532268001DDA97 /* EateriesTableViewCell.swift in Sources */ = {isa = PBXBuildFile; fileRef = 2229BE2229532268001DDA97 /* EateriesTableViewCell.swift */; };
		223DAF442955F265009AEA76 /* EateryDetailViewController.swift in Sources */ = {isa = PBXBuildFile; fileRef = 223DAF432955F265009AEA76 /* EateryDetailViewController.swift */; };
		22A0BBC22959BF80004D504F /* RateViewController.swift in Sources */ = {isa = PBXBuildFile; fileRef = 22A0BBC12959BF80004D504F /* RateViewController.swift */; };
		22DD8F1D2959F711003BE28A /* MapViewController.swift in Sources */ = {isa = PBXBuildFile; fileRef = 22DD8F1C2959F711003BE28A /* MapViewController.swift */; };
		22DD8F202959F778003BE28A /* MapKit.framework in Frameworks */ = {isa = PBXBuildFile; fileRef = 22DD8F1F2959F778003BE28A /* MapKit.framework */; };
/* End PBXBuildFile section */

/* Begin PBXFileReference section */
		2222B2E229570EC600E65C3C /* Restaurant.swift */ = {isa = PBXFileReference; lastKnownFileType = sourcecode.swift; path = Restaurant.swift; sourceTree = "<group>"; };
		2222B2E429571E4400E65C3C /* EateryDetailTableViewCell.swift */ = {isa = PBXFileReference; lastKnownFileType = sourcecode.swift; path = EateryDetailTableViewCell.swift; sourceTree = "<group>"; };
		2229BE0929531F31001DDA97 /* Eaterias.app */ = {isa = PBXFileReference; explicitFileType = wrapper.application; includeInIndex = 0; path = Eaterias.app; sourceTree = BUILT_PRODUCTS_DIR; };
		2229BE0C29531F31001DDA97 /* AppDelegate.swift */ = {isa = PBXFileReference; lastKnownFileType = sourcecode.swift; path = AppDelegate.swift; sourceTree = "<group>"; };
		2229BE0E29531F31001DDA97 /* SceneDelegate.swift */ = {isa = PBXFileReference; lastKnownFileType = sourcecode.swift; path = SceneDelegate.swift; sourceTree = "<group>"; };
		2229BE1329531F31001DDA97 /* Base */ = {isa = PBXFileReference; lastKnownFileType = file.storyboard; name = Base; path = Base.lproj/Main.storyboard; sourceTree = "<group>"; };
		2229BE1529531F32001DDA97 /* Assets.xcassets */ = {isa = PBXFileReference; lastKnownFileType = folder.assetcatalog; path = Assets.xcassets; sourceTree = "<group>"; };
		2229BE1829531F32001DDA97 /* Base */ = {isa = PBXFileReference; lastKnownFileType = file.storyboard; name = Base; path = Base.lproj/LaunchScreen.storyboard; sourceTree = "<group>"; };
		2229BE1A29531F32001DDA97 /* Info.plist */ = {isa = PBXFileReference; lastKnownFileType = text.plist.xml; path = Info.plist; sourceTree = "<group>"; };
		2229BE2029531F87001DDA97 /* EateriesTableViewController.swift */ = {isa = PBXFileReference; lastKnownFileType = sourcecode.swift; path = EateriesTableViewController.swift; sourceTree = "<group>"; };
		2229BE2229532268001DDA97 /* EateriesTableViewCell.swift */ = {isa = PBXFileReference; lastKnownFileType = sourcecode.swift; path = EateriesTableViewCell.swift; sourceTree = "<group>"; };
		223DAF432955F265009AEA76 /* EateryDetailViewController.swift */ = {isa = PBXFileReference; lastKnownFileType = sourcecode.swift; path = EateryDetailViewController.swift; sourceTree = "<group>"; };
		22A0BBC12959BF80004D504F /* RateViewController.swift */ = {isa = PBXFileReference; lastKnownFileType = sourcecode.swift; path = RateViewController.swift; sourceTree = "<group>"; };
		22DD8F1C2959F711003BE28A /* MapViewController.swift */ = {isa = PBXFileReference; lastKnownFileType = sourcecode.swift; path = MapViewController.swift; sourceTree = "<group>"; };
		22DD8F1F2959F778003BE28A /* MapKit.framework */ = {isa = PBXFileReference; lastKnownFileType = wrapper.framework; name = MapKit.framework; path = System/Library/Frameworks/MapKit.framework; sourceTree = SDKROOT; };
/* End PBXFileReference section */

/* Begin PBXFrameworksBuildPhase section */
		2229BE0629531F31001DDA97 /* Frameworks */ = {
			isa = PBXFrameworksBuildPhase;
			buildActionMask = 2147483647;
			files = (
				22DD8F202959F778003BE28A /* MapKit.framework in Frameworks */,
			);
			runOnlyForDeploymentPostprocessing = 0;
		};
/* End PBXFrameworksBuildPhase section */

/* Begin PBXGroup section */
		2222B2E629571E5E00E65C3C /* Detail */ = {
			isa = PBXGroup;
			children = (
				223DAF432955F265009AEA76 /* EateryDetailViewController.swift */,
				2222B2E429571E4400E65C3C /* EateryDetailTableViewCell.swift */,
			);
			path = Detail;
			sourceTree = "<group>";
		};
		2229BE0029531F30001DDA97 = {
			isa = PBXGroup;
			children = (
				2229BE0B29531F31001DDA97 /* Eaterias */,
				2229BE0A29531F31001DDA97 /* Products */,
				22DD8F1E2959F778003BE28A /* Frameworks */,
			);
			sourceTree = "<group>";
		};
		2229BE0A29531F31001DDA97 /* Products */ = {
			isa = PBXGroup;
			children = (
				2229BE0929531F31001DDA97 /* Eaterias.app */,
			);
			name = Products;
			sourceTree = "<group>";
		};
		2229BE0B29531F31001DDA97 /* Eaterias */ = {
			isa = PBXGroup;
			children = (
				2222B2E629571E5E00E65C3C /* Detail */,
				2229BE0C29531F31001DDA97 /* AppDelegate.swift */,
				22DD8F1C2959F711003BE28A /* MapViewController.swift */,
				2229BE0E29531F31001DDA97 /* SceneDelegate.swift */,
				2229BE1229531F31001DDA97 /* Main.storyboard */,
				22A0BBC12959BF80004D504F /* RateViewController.swift */,
				2229BE2229532268001DDA97 /* EateriesTableViewCell.swift */,
				2229BE2029531F87001DDA97 /* EateriesTableViewController.swift */,
				2222B2E229570EC600E65C3C /* Restaurant.swift */,
				2229BE1529531F32001DDA97 /* Assets.xcassets */,
				2229BE1729531F32001DDA97 /* LaunchScreen.storyboard */,
				2229BE1A29531F32001DDA97 /* Info.plist */,
			);
			path = Eaterias;
			sourceTree = "<group>";
		};
		22DD8F1E2959F778003BE28A /* Frameworks */ = {
			isa = PBXGroup;
			children = (
				22DD8F1F2959F778003BE28A /* MapKit.framework */,
			);
			name = Frameworks;
			sourceTree = "<group>";
		};
/* End PBXGroup section */

/* Begin PBXNativeTarget section */
		2229BE0829531F31001DDA97 /* Eaterias */ = {
			isa = PBXNativeTarget;
			buildConfigurationList = 2229BE1D29531F32001DDA97 /* Build configuration list for PBXNativeTarget "Eaterias" */;
			buildPhases = (
				2229BE0529531F31001DDA97 /* Sources */,
				2229BE0629531F31001DDA97 /* Frameworks */,
				2229BE0729531F31001DDA97 /* Resources */,
			);
			buildRules = (
			);
			dependencies = (
			);
			name = Eaterias;
			productName = Eaterias;
			productReference = 2229BE0929531F31001DDA97 /* Eaterias.app */;
			productType = "com.apple.product-type.application";
		};
/* End PBXNativeTarget section */

/* Begin PBXProject section */
		2229BE0129531F30001DDA97 /* Project object */ = {
			isa = PBXProject;
			attributes = {
				BuildIndependentTargetsInParallel = 1;
				LastSwiftUpdateCheck = 1320;
				LastUpgradeCheck = 1320;
				TargetAttributes = {
					2229BE0829531F31001DDA97 = {
						CreatedOnToolsVersion = 13.2.1;
					};
				};
			};
			buildConfigurationList = 2229BE0429531F30001DDA97 /* Build configuration list for PBXProject "Eaterias" */;
			compatibilityVersion = "Xcode 13.0";
			developmentRegion = en;
			hasScannedForEncodings = 0;
			knownRegions = (
				en,
				Base,
			);
			mainGroup = 2229BE0029531F30001DDA97;
			productRefGroup = 2229BE0A29531F31001DDA97 /* Products */;
			projectDirPath = "";
			projectRoot = "";
			targets = (
				2229BE0829531F31001DDA97 /* Eaterias */,
			);
		};
/* End PBXProject section */

/* Begin PBXResourcesBuildPhase section */
		2229BE0729531F31001DDA97 /* Resources */ = {
			isa = PBXResourcesBuildPhase;
			buildActionMask = 2147483647;
			files = (
				2229BE1929531F32001DDA97 /* LaunchScreen.storyboard in Resources */,
				2229BE1629531F32001DDA97 /* Assets.xcassets in Resources */,
				2229BE1429531F31001DDA97 /* Main.storyboard in Resources */,
			);
			runOnlyForDeploymentPostprocessing = 0;
		};
/* End PBXResourcesBuildPhase section */

/* Begin PBXSourcesBuildPhase section */
		2229BE0529531F31001DDA97 /* Sources */ = {
			isa = PBXSourcesBuildPhase;
			buildActionMask = 2147483647;
			files = (
				2222B2E529571E4400E65C3C /* EateryDetailTableViewCell.swift in Sources */,
				2229BE0D29531F31001DDA97 /* AppDelegate.swift in Sources */,
				223DAF442955F265009AEA76 /* EateryDetailViewController.swift in Sources */,
				2222B2E329570EC600E65C3C /* Restaurant.swift in Sources */,
				22DD8F1D2959F711003BE28A /* MapViewController.swift in Sources */,
				2229BE2129531F87001DDA97 /* EateriesTableViewController.swift in Sources */,
				2229BE0F29531F31001DDA97 /* SceneDelegate.swift in Sources */,
				22A0BBC22959BF80004D504F /* RateViewController.swift in Sources */,
				2229BE2329532268001DDA97 /* EateriesTableViewCell.swift in Sources */,
			);
			runOnlyForDeploymentPostprocessing = 0;
		};
/* End PBXSourcesBuildPhase section */

/* Begin PBXVariantGroup section */
		2229BE1229531F31001DDA97 /* Main.storyboard */ = {
			isa = PBXVariantGroup;
			children = (
				2229BE1329531F31001DDA97 /* Base */,
			);
			name = Main.storyboard;
			sourceTree = "<group>";
		};
		2229BE1729531F32001DDA97 /* LaunchScreen.storyboard */ = {
			isa = PBXVariantGroup;
			children = (
				2229BE1829531F32001DDA97 /* Base */,
			);
			name = LaunchScreen.storyboard;
			sourceTree = "<group>";
		};
/* End PBXVariantGroup section */

/* Begin XCBuildConfiguration section */
		2229BE1B29531F32001DDA97 /* Debug */ = {
			isa = XCBuildConfiguration;
			buildSettings = {
				ALWAYS_SEARCH_USER_PATHS = NO;
				CLANG_ANALYZER_NONNULL = YES;
				CLANG_ANALYZER_NUMBER_OBJECT_CONVERSION = YES_AGGRESSIVE;
				CLANG_CXX_LANGUAGE_STANDARD = "gnu++17";
				CLANG_CXX_LIBRARY = "libc++";
				CLANG_ENABLE_MODULES = YES;
				CLANG_ENABLE_OBJC_ARC = YES;
				CLANG_ENABLE_OBJC_WEAK = YES;
				CLANG_WARN_BLOCK_CAPTURE_AUTORELEASING = YES;
				CLANG_WARN_BOOL_CONVERSION = YES;
				CLANG_WARN_COMMA = YES;
				CLANG_WARN_CONSTANT_CONVERSION = YES;
				CLANG_WARN_DEPRECATED_OBJC_IMPLEMENTATIONS = YES;
				CLANG_WARN_DIRECT_OBJC_ISA_USAGE = YES_ERROR;
				CLANG_WARN_DOCUMENTATION_COMMENTS = YES;
				CLANG_WARN_EMPTY_BODY = YES;
				CLANG_WARN_ENUM_CONVERSION = YES;
				CLANG_WARN_INFINITE_RECURSION = YES;
				CLANG_WARN_INT_CONVERSION = YES;
				CLANG_WARN_NON_LITERAL_NULL_CONVERSION = YES;
				CLANG_WARN_OBJC_IMPLICIT_RETAIN_SELF = YES;
				CLANG_WARN_OBJC_LITERAL_CONVERSION = YES;
				CLANG_WARN_OBJC_ROOT_CLASS = YES_ERROR;
				CLANG_WARN_QUOTED_INCLUDE_IN_FRAMEWORK_HEADER = YES;
				CLANG_WARN_RANGE_LOOP_ANALYSIS = YES;
				CLANG_WARN_STRICT_PROTOTYPES = YES;
				CLANG_WARN_SUSPICIOUS_MOVE = YES;
				CLANG_WARN_UNGUARDED_AVAILABILITY = YES_AGGRESSIVE;
				CLANG_WARN_UNREACHABLE_CODE = YES;
				CLANG_WARN__DUPLICATE_METHOD_MATCH = YES;
				COPY_PHASE_STRIP = NO;
				DEBUG_INFORMATION_FORMAT = dwarf;
				ENABLE_STRICT_OBJC_MSGSEND = YES;
				ENABLE_TESTABILITY = YES;
				GCC_C_LANGUAGE_STANDARD = gnu11;
				GCC_DYNAMIC_NO_PIC = NO;
				GCC_NO_COMMON_BLOCKS = YES;
				GCC_OPTIMIZATION_LEVEL = 0;
				GCC_PREPROCESSOR_DEFINITIONS = (
					"DEBUG=1",
					"$(inherited)",
				);
				GCC_WARN_64_TO_32_BIT_CONVERSION = YES;
				GCC_WARN_ABOUT_RETURN_TYPE = YES_ERROR;
				GCC_WARN_UNDECLARED_SELECTOR = YES;
				GCC_WARN_UNINITIALIZED_AUTOS = YES_AGGRESSIVE;
				GCC_WARN_UNUSED_FUNCTION = YES;
				GCC_WARN_UNUSED_VARIABLE = YES;
				IPHONEOS_DEPLOYMENT_TARGET = 15.2;
				MTL_ENABLE_DEBUG_INFO = INCLUDE_SOURCE;
				MTL_FAST_MATH = YES;
				ONLY_ACTIVE_ARCH = YES;
				SDKROOT = iphoneos;
				SWIFT_ACTIVE_COMPILATION_CONDITIONS = DEBUG;
				SWIFT_OPTIMIZATION_LEVEL = "-Onone";
			};
			name = Debug;
		};
		2229BE1C29531F32001DDA97 /* Release */ = {
			isa = XCBuildConfiguration;
			buildSettings = {
				ALWAYS_SEARCH_USER_PATHS = NO;
				CLANG_ANALYZER_NONNULL = YES;
				CLANG_ANALYZER_NUMBER_OBJECT_CONVERSION = YES_AGGRESSIVE;
				CLANG_CXX_LANGUAGE_STANDARD = "gnu++17";
				CLANG_CXX_LIBRARY = "libc++";
				CLANG_ENABLE_MODULES = YES;
				CLANG_ENABLE_OBJC_ARC = YES;
				CLANG_ENABLE_OBJC_WEAK = YES;
				CLANG_WARN_BLOCK_CAPTURE_AUTORELEASING = YES;
				CLANG_WARN_BOOL_CONVERSION = YES;
				CLANG_WARN_COMMA = YES;
				CLANG_WARN_CONSTANT_CONVERSION = YES;
				CLANG_WARN_DEPRECATED_OBJC_IMPLEMENTATIONS = YES;
				CLANG_WARN_DIRECT_OBJC_ISA_USAGE = YES_ERROR;
				CLANG_WARN_DOCUMENTATION_COMMENTS = YES;
				CLANG_WARN_EMPTY_BODY = YES;
				CLANG_WARN_ENUM_CONVERSION = YES;
				CLANG_WARN_INFINITE_RECURSION = YES;
				CLANG_WARN_INT_CONVERSION = YES;
				CLANG_WARN_NON_LITERAL_NULL_CONVERSION = YES;
				CLANG_WARN_OBJC_IMPLICIT_RETAIN_SELF = YES;
				CLANG_WARN_OBJC_LITERAL_CONVERSION = YES;
				CLANG_WARN_OBJC_ROOT_CLASS = YES_ERROR;
				CLANG_WARN_QUOTED_INCLUDE_IN_FRAMEWORK_HEADER = YES;
				CLANG_WARN_RANGE_LOOP_ANALYSIS = YES;
				CLANG_WARN_STRICT_PROTOTYPES = YES;
				CLANG_WARN_SUSPICIOUS_MOVE = YES;
				CLANG_WARN_UNGUARDED_AVAILABILITY = YES_AGGRESSIVE;
				CLANG_WARN_UNREACHABLE_CODE = YES;
				CLANG_WARN__DUPLICATE_METHOD_MATCH = YES;
				COPY_PHASE_STRIP = NO;
				DEBUG_INFORMATION_FORMAT = "dwarf-with-dsym";
				ENABLE_NS_ASSERTIONS = NO;
				ENABLE_STRICT_OBJC_MSGSEND = YES;
				GCC_C_LANGUAGE_STANDARD = gnu11;
				GCC_NO_COMMON_BLOCKS = YES;
				GCC_WARN_64_TO_32_BIT_CONVERSION = YES;
				GCC_WARN_ABOUT_RETURN_TYPE = YES_ERROR;
				GCC_WARN_UNDECLARED_SELECTOR = YES;
				GCC_WARN_UNINITIALIZED_AUTOS = YES_AGGRESSIVE;
				GCC_WARN_UNUSED_FUNCTION = YES;
				GCC_WARN_UNUSED_VARIABLE = YES;
				IPHONEOS_DEPLOYMENT_TARGET = 15.2;
				MTL_ENABLE_DEBUG_INFO = NO;
				MTL_FAST_MATH = YES;
				SDKROOT = iphoneos;
				SWIFT_COMPILATION_MODE = wholemodule;
				SWIFT_OPTIMIZATION_LEVEL = "-O";
				VALIDATE_PRODUCT = YES;
			};
			name = Release;
		};
		2229BE1E29531F32001DDA97 /* Debug */ = {
			isa = XCBuildConfiguration;
			buildSettings = {
				ASSETCATALOG_COMPILER_APPICON_NAME = AppIcon;
				ASSETCATALOG_COMPILER_GLOBAL_ACCENT_COLOR_NAME = AccentColor;
				CODE_SIGN_STYLE = Automatic;
				CURRENT_PROJECT_VERSION = 1;
				GENERATE_INFOPLIST_FILE = YES;
				INFOPLIST_FILE = Eaterias/Info.plist;
				INFOPLIST_KEY_UIApplicationSupportsIndirectInputEvents = YES;
				INFOPLIST_KEY_UILaunchStoryboardName = LaunchScreen;
				INFOPLIST_KEY_UIMainStoryboardFile = Main;
				INFOPLIST_KEY_UISupportedInterfaceOrientations_iPad = "UIInterfaceOrientationPortrait UIInterfaceOrientationPortraitUpsideDown UIInterfaceOrientationLandscapeLeft UIInterfaceOrientationLandscapeRight";
				INFOPLIST_KEY_UISupportedInterfaceOrientations_iPhone = "UIInterfaceOrientationPortrait UIInterfaceOrientationLandscapeLeft UIInterfaceOrientationLandscapeRight";
				LD_RUNPATH_SEARCH_PATHS = (
					"$(inherited)",
					"@executable_path/Frameworks",
				);
				MARKETING_VERSION = 1.0;
				PRODUCT_BUNDLE_IDENTIFIER = Lcorinna.Eaterias;
				PRODUCT_NAME = "$(TARGET_NAME)";
				SWIFT_EMIT_LOC_STRINGS = YES;
				SWIFT_VERSION = 5.0;
				TARGETED_DEVICE_FAMILY = "1,2";
			};
			name = Debug;
		};
		2229BE1F29531F32001DDA97 /* Release */ = {
			isa = XCBuildConfiguration;
			buildSettings = {
				ASSETCATALOG_COMPILER_APPICON_NAME = AppIcon;
				ASSETCATALOG_COMPILER_GLOBAL_ACCENT_COLOR_NAME = AccentColor;
				CODE_SIGN_STYLE = Automatic;
				CURRENT_PROJECT_VERSION = 1;
				GENERATE_INFOPLIST_FILE = YES;
				INFOPLIST_FILE = Eaterias/Info.plist;
				INFOPLIST_KEY_UIApplicationSupportsIndirectInputEvents = YES;
				INFOPLIST_KEY_UILaunchStoryboardName = LaunchScreen;
				INFOPLIST_KEY_UIMainStoryboardFile = Main;
				INFOPLIST_KEY_UISupportedInterfaceOrientations_iPad = "UIInterfaceOrientationPortrait UIInterfaceOrientationPortraitUpsideDown UIInterfaceOrientationLandscapeLeft UIInterfaceOrientationLandscapeRight";
				INFOPLIST_KEY_UISupportedInterfaceOrientations_iPhone = "UIInterfaceOrientationPortrait UIInterfaceOrientationLandscapeLeft UIInterfaceOrientationLandscapeRight";
				LD_RUNPATH_SEARCH_PATHS = (
					"$(inherited)",
					"@executable_path/Frameworks",
				);
				MARKETING_VERSION = 1.0;
				PRODUCT_BUNDLE_IDENTIFIER = Lcorinna.Eaterias;
				PRODUCT_NAME = "$(TARGET_NAME)";
				SWIFT_EMIT_LOC_STRINGS = YES;
				SWIFT_VERSION = 5.0;
				TARGETED_DEVICE_FAMILY = "1,2";
			};
			name = Release;
		};
/* End XCBuildConfiguration section */

/* Begin XCConfigurationList section */
		2229BE0429531F30001DDA97 /* Build configuration list for PBXProject "Eaterias" */ = {
			isa = XCConfigurationList;
			buildConfigurations = (
				2229BE1B29531F32001DDA97 /* Debug */,
				2229BE1C29531F32001DDA97 /* Release */,
			);
			defaultConfigurationIsVisible = 0;
			defaultConfigurationName = Release;
		};
		2229BE1D29531F32001DDA97 /* Build configuration list for PBXNativeTarget "Eaterias" */ = {
			isa = XCConfigurationList;
			buildConfigurations = (
				2229BE1E29531F32001DDA97 /* Debug */,
				2229BE1F29531F32001DDA97 /* Release */,
			);
			defaultConfigurationIsVisible = 0;
			defaultConfigurationName = Release;
		};
/* End XCConfigurationList section */
	};
	rootObject = 2229BE0129531F30001DDA97 /* Project object */;
}
